{
  "name": "@hyperjump/json-language-server",
  "version": "0.1.0",
  "lockfileVersion": 3,
  "requires": true,
  "packages": {
    "": {
      "name": "@hyperjump/json-language-server",
      "version": "0.1.0",
      "license": "MIT",
      "dependencies": {
        "@hyperjump/browser": "^1.4.0",
        "@hyperjump/json-schema": "^1.17.6",
        "@hyperjump/json-schema-errors": "github:hyperjump-io/json-schema-errors",
        "@hyperjump/pact": "^1.4.0",
        "@hyperjump/uri": "^1.3.4",
        "ignore": "^7.0.5",
        "jsonc-parser": "^3.3.1",
        "merge-anything": "^6.0.6",
        "vscode-languageserver": "^10.0.0",
        "vscode-languageserver-textdocument": "^1.0.12",
        "vscode-uri": "^3.1.0"
      },
      "devDependencies": {
        "undici": "^7.23.0"
      }
    },
    "node_modules/@fluent/bundle": {
      "version": "0.19.1",
      "resolved": "https://registry.npmjs.org/@fluent/bundle/-/bundle-0.19.1.tgz",
      "integrity": "sha512-SWJLZrPamDPsJlFFOW1nkgN0j0rbPbmSdmK0XAoXlyqKieLtMVl4vzng3aR5pwKoUx0scug8+YY2oct3fdfy9A==",
      "license": "Apache-2.0",
      "engines": {
        "node": ">=18.0.0",
        "npm": ">=7.0.0"
      }
    },
    "node_modules/@hyperjump/browser": {
      "version": "1.5.1",
      "resolved": "https://registry.npmjs.org/@hyperjump/browser/-/browser-1.5.1.tgz",
      "integrity": "sha512-dMuhTjbQLQbF5IcsWP1kEfI7B0QuH/j9RaaV8y9orfLg1ZRcLMRRGUWMKUQ7Ox7I5Fi4x/+XdxdjgaMY8WRhYA==",
      "license": "MIT",
      "dependencies": {
        "@hyperjump/json-pointer": "^1.1.0",
        "@hyperjump/uri": "^1.2.0",
        "content-type": "^1.0.5"
      },
      "engines": {
        "node": ">=18.0.0"
      },
      "funding": {
        "type": "github",
        "url": "https://github.com/sponsors/jdesrosiers"
      }
    },
    "node_modules/@hyperjump/json-pointer": {
      "version": "1.1.3",
      "resolved": "https://registry.npmjs.org/@hyperjump/json-pointer/-/json-pointer-1.1.3.tgz",
      "integrity": "sha512-GVSs+wzefSO5VOEVMuOz118MDJrJtMdm8h+2vlghzMG/5QpboTSQ12gaMKvGQo7S4oPMw9rCyFWNAJ9DUEdA5Q==",
      "license": "MIT",
      "funding": {
        "type": "github",
        "url": "https://github.com/sponsors/jdesrosiers"
      }
    },
    "node_modules/@hyperjump/json-schema": {
      "version": "1.17.9",
      "resolved": "https://registry.npmjs.org/@hyperjump/json-schema/-/json-schema-1.17.9.tgz",
      "integrity": "sha512-09H1fd51Zu5xFEUEutLTGQK5/bFfJVovWhT/RK1R35e/Zf3Sw3nxBDZj11LDcDWDjE5MVfvgCg4fy81F4RbGZA==",
      "license": "MIT",
      "dependencies": {
        "@hyperjump/json-pointer": "^1.1.0",
        "@hyperjump/json-schema-formats": "^1.0.0",
        "@hyperjump/pact": "^1.2.0",
        "@hyperjump/uri": "^1.2.0",
        "content-type": "^1.0.4",
        "just-curry-it": "^5.3.0",
        "uuid": "^14.0.0"
      },
      "funding": {
        "type": "github",
        "url": "https://github.com/sponsors/jdesrosiers"
      },
      "peerDependencies": {
        "@hyperjump/browser": "^1.1.0"
      }
    },
    "node_modules/@hyperjump/json-schema-errors": {
      "version": "1.0.0-alpha.1",
      "resolved": "git+ssh://git@github.com/hyperjump-io/json-schema-errors.git#575a9e5dc719ff15f4a4bde3e327b55e8f2b122a",
      "license": "MIT",
      "dependencies": {
        "@fluent/bundle": "^0.19.1",
        "@hyperjump/json-pointer": "^1.1.1",
        "@hyperjump/json-schema": "^1.17.2",
        "@hyperjump/pact": "^1.4.0",
        "@hyperjump/uri": "^1.3.2",
        "json-stringify-deterministic": "^1.0.12"
      },
      "funding": {
        "type": "github",
        "url": "https://github.com/sponsors/hyperjump-io"
      }
    },
    "node_modules/@hyperjump/json-schema-formats": {
      "version": "1.0.8",
      "resolved": "https://registry.npmjs.org/@hyperjump/json-schema-formats/-/json-schema-formats-1.0.8.tgz",
      "integrity": "sha512-iE+U2Jbe4m3k7t6YXrQe9VhhTgCg6rTL7I1Pdc5soGCvXGFfuaNvzlWaeQI2CnGFscnEAvM2jkas5g1QfTdrTw==",
      "license": "MIT",
      "dependencies": {
        "@hyperjump/uri": "^1.3.2",
        "idn-hostname": "^15.1.2"
      },
      "funding": {
        "type": "github",
        "url": "https://github.com/sponsors/hyperjump-io"
      }
    },
    "node_modules/@hyperjump/pact": {
      "version": "1.4.0",
      "resolved": "https://registry.npmjs.org/@hyperjump/pact/-/pact-1.4.0.tgz",
      "integrity": "sha512-01Q7VY6BcAkp9W31Fv+ciiZycxZHGlR2N6ba9BifgyclHYHdbaZgITo0U6QMhYRlem4k8pf8J31/tApxvqAz8A==",
      "license": "MIT",
      "funding": {
        "type": "github",
        "url": "https://github.com/sponsors/jdesrosiers"
      }
    },
    "node_modules/@hyperjump/uri": {
      "version": "1.3.8",
      "resolved": "https://registry.npmjs.org/@hyperjump/uri/-/uri-1.3.8.tgz",
      "integrity": "sha512-pQ1IFUIdUrMzj6TjG0wyaAGZ0Go2bi4eFS8EydFLuBKGYpU0sTjd/R1td+lqhn3hCq7G17qZp975WL87MU84dw==",
      "license": "MIT",
      "funding": {
        "type": "github",
        "url": "https://github.com/sponsors/jdesrosiers"
      }
    },
    "node_modules/content-type": {
      "version": "1.0.5",
      "resolved": "https://registry.npmjs.org/content-type/-/content-type-1.0.5.tgz",
      "integrity": "sha512-nTjqfcBFEipKdXCv4YDQWCfmcLZKm81ldF0pAopTvyrFGVbcR6P/VAAd5G7N+0tTr8QqiU0tFadD6FK4NtJwOA==",
      "license": "MIT",
      "engines": {
        "node": ">= 0.6"
      }
    },
    "node_modules/idn-hostname": {
      "version": "15.1.19",
      "resolved": "https://registry.npmjs.org/idn-hostname/-/idn-hostname-15.1.19.tgz",
      "integrity": "sha512-pRGRbFpQWCptOBWw9Gn5DXtPdern5/XtdkcXdoEavjd+sh72jNm2eVI1eeysp64UisXPfaqoQrnLUKpSN4hJWw==",
      "license": "MIT",
      "dependencies": {
        "punycode": "^2.3.1"
      },
      "engines": {
        "node": ">=20.12.0 <21 || >=22.0.0"
      }
    },
    "node_modules/ignore": {
      "version": "7.0.12",
      "resolved": "https://registry.npmjs.org/ignore/-/ignore-7.0.12.tgz",
      "integrity": "sha512-/8UvqAPU9DGTI9k4mxtf49U37Isfwr8Uts96+SBHIkFxPJnHS0Ew4f00sM4Scd8V8EjM0jUNtVDdv1kPdt35lg==",
      "license": "MIT",
      "engines": {
        "node": ">= 4"
      }
    },
    "node_modules/is-what": {
      "version": "5.5.7",
      "resolved": "https://registry.npmjs.org/is-what/-/is-what-5.5.7.tgz",
      "integrity": "sha512-b8A+OE0RcNFy/+qmts8Uv+vumkUZHwIa80YMZBfh6+b75Oq2J8qR3v+/F5vKq4TNNiurrgrE7+XsOa8+1y4lYw==",
      "license": "MIT",
      "engines": {
        "node": ">=18"
      },
      "funding": {
        "url": "https://github.com/sponsors/mesqueeb"
      }
    },
    "node_modules/json-stringify-deterministic": {
      "version": "1.0.16",
      "resolved": "https://registry.npmjs.org/json-stringify-deterministic/-/json-stringify-deterministic-1.0.16.tgz",
      "integrity": "sha512-barjhF/wL0ot1i7AVA3gDDfuBIS1Iz7dlYmO6fZnVDUXtB/EJKjqREA/FUndo+kCGYLI67jH3hXKQMwuTFhbpQ==",
      "license": "MIT",
      "engines": {
        "node": ">= 4"
      }
    },
    "node_modules/jsonc-parser": {
      "version": "3.3.1",
      "resolved": "https://registry.npmjs.org/jsonc-parser/-/jsonc-parser-3.3.1.tgz",
      "integrity": "sha512-HUgH65KyejrUFPvHFPbqOY0rsFip3Bo5wb4ngvdi1EpCYWUQDC5V+Y7mZws+DLkr4M//zQJoanu1SP+87Dv1oQ==",
      "license": "MIT"
    },
    "node_modules/just-curry-it": {
      "version": "5.3.0",
      "resolved": "https://registry.npmjs.org/just-curry-it/-/just-curry-it-5.3.0.tgz",
      "integrity": "sha512-silMIRiFjUWlfaDhkgSzpuAyQ6EX/o09Eu8ZBfmFwQMbax7+LQzeIU2CBrICT6Ne4l86ITCGvUCBpCubWYy0Yw==",
      "license": "MIT"
    },
    "node_modules/merge-anything": {
      "version": "6.0.9",
      "resolved": "https://registry.npmjs.org/merge-anything/-/merge-anything-6.0.9.tgz",
      "integrity": "sha512-Mr75kWbk3zeccaJ/mFYYCl7RINFbWIvi4pqGKQ7CAlpWw48aHWxwg19HmEIWpad0Z5+vbSEhMxQoyO1oms0ovQ==",
      "license": "MIT",
      "dependencies": {
        "is-what": "^5.5.7"
      },
      "engines": {
        "node": ">=18"
      },
      "funding": {
        "url": "https://github.com/sponsors/mesqueeb"
      }
    },
    "node_modules/punycode": {
      "version": "2.3.1",
      "resolved": "https://registry.npmjs.org/punycode/-/punycode-2.3.1.tgz",
      "integrity": "sha512-vYt7UD1U9Wg6138shLtLOvdAu+8DsC/ilFtEVHcH+wydcSpNE20AfSOduf6MkRFahL5FY7X1oU7nKVZFtfq8Fg==",
      "license": "MIT",
      "engines": {
        "node": ">=6"
      }
    },
    "node_modules/undici": {
      "version": "7.30.0",
      "resolved": "https://registry.npmjs.org/undici/-/undici-7.30.0.tgz",
      "integrity": "sha512-dkrQXeHSaoamnItlYbmzG0wFYrM0ZwDxCIg0A7aKjTyyhh9svRzCNFEzV+Vm05/yehjCzjDZ31KXfGEjYSztDQ==",
      "dev": true,
      "license": "MIT",
      "engines": {
        "node": ">=20.18.1"
      }
    },
    "node_modules/uuid": {
      "version": "14.0.2",
      "resolved": "https://registry.npmjs.org/uuid/-/uuid-14.0.2.tgz",
      "integrity": "sha512-xZe/16rV4aa+HGSOCiY2YeLT1OybRLrrkL/Rqaq7p7GMVXjFh+6wN4oMYgjFmnSnhY8t6Xpdl2l9qmnHYuMHwQ==",
      "funding": [
        "https://github.com/sponsors/broofa",
        "https://github.com/sponsors/ctavan"
      ],
      "license": "MIT",
      "bin": {
        "uuid": "dist-node/bin/uuid"
      }
    },
    "node_modules/vscode-jsonrpc": {
      "version": "9.0.3",
      "resolved": "https://registry.npmjs.org/vscode-jsonrpc/-/vscode-jsonrpc-9.0.3.tgz",
      "integrity": "sha512-qETYf9PCl1lVfwR+oBmMfc4vP2nqLNA35ABxorw3j06+xlKRgDVxbLgKm4Y/xPL0YWdeDjLoI4ImICIT3nB0zQ==",
      "license": "MIT",
      "engines": {
        "node": ">=14.0.0"
      }
    },
    "node_modules/vscode-languageserver": {
      "version": "10.1.2",
      "resolved": "https://registry.npmjs.org/vscode-languageserver/-/vscode-languageserver-10.1.2.tgz",
      "integrity": "sha512-pXPWde3RytdeBVEs6PulOOT5OpeXC5GkWRpcT11f5rNn41jviQsAYPyAqJ/0oVGETQLKPJtYbHNiMPlfLb0NTQ==",
      "license": "MIT",
      "dependencies": {
        "vscode-languageserver-protocol": "3.18.4"
      },
      "bin": {
        "installServerIntoExtension": "bin/installServerIntoExtension"
      }
    },
    "node_modules/vscode-languageserver-protocol": {
      "version": "3.18.4",
      "resolved": "https://registry.npmjs.org/vscode-languageserver-protocol/-/vscode-languageserver-protocol-3.18.4.tgz",
      "integrity": "sha512-CCXbyr99dafRJzJH/0Ryk7ly5T8XPmSR0//OuF2w4m+9JiOin7zcAT5iET8GRE7Z9taFBejb3GbM0a0mbjdbrg==",
      "license": "MIT",
      "dependencies": {
        "vscode-jsonrpc": "9.0.3",
        "vscode-languageserver-types": "3.18.4"
      }
    },
    "node_modules/vscode-languageserver-textdocument": {
      "version": "1.0.15",
      "resolved": "https://registry.npmjs.org/vscode-languageserver-textdocument/-/vscode-languageserver-textdocument-1.0.15.tgz",
      "integrity": "sha512-Gsfr9S8LU3S6885cS+NaleasJ0n3V5y/SOTqHCifQiXWFw3G9w9/YItDfwHrlCz+dSZWWZ8ilYVMcJe7Sz7Sxw==",
      "license": "MIT"
    },
    "node_modules/vscode-languageserver-types": {
      "version": "3.18.4",
      "resolved": "https://registry.npmjs.org/vscode-languageserver-types/-/vscode-languageserver-types-3.18.4.tgz",
      "integrity": "sha512-nQsacoiijvl0fRf2q28uFDrAVwRhdCa3QveiF7/CX0r18mLR5FU/1WskSsCKOjmEbtteKUnY8x8Yzxop+k0zwg==",
      "license": "MIT"
    },
    "node_modules/vscode-uri": {
      "version": "3.2.0",
      "resolved": "https://registry.npmjs.org/vscode-uri/-/vscode-uri-3.2.0.tgz",
      "integrity": "sha512-m2gXo3bn0G1kT9InzMf07fTbqMbGtyckj3bH5ktLO+1Ssv+yiATZ4dhwaQv9UZWxJh6E9IFGnQyjgWVDWVBDrg==",
      "license": "MIT"
    }
  }
}
